{
  "name": "test",
  "version": "1.0.0",
  "lockfileVersion": 2,
  "requires": true,
  "packages": {
    "": {
      "name": "test",
      "version": "1.0.0",
      "license": "ISC",
      "dependencies": {
        "@coreproject/math": "^1.0.1"
      }
    },
    "node_modules/@coreproject/console": {
      "version": "1.0.2",
      "resolved": "https://registry.npmjs.org/@coreproject/console/-/console-1.0.2.tgz",
      "integrity": "sha512-I0M2n9/7SLN1ibCLkM8WWV8WwK9cwO+ixeRO+FWFpDgoi1pcQ2BuR7WHoUUgTMiQ61IOaxp4KHXJ5Z620XYaug=="
    },
    "node_modules/@coreproject/math": {
      "version": "1.0.1",
      "resolved": "https://registry.npmjs.org/@coreproject/math/-/math-1.0.1.tgz",
      "integrity": "sha512-HdHm0N/UCA/QGJ4ABmeHCQ9tzj23veT0322oNMbBaBud/6Oen8794ZovlUwyghT9l4jDodojUAZGwJqCF66s+A==",
      "dependencies": {
        "@coreproject/console": "^1.0.2"
      }
    }
  },
  "dependencies": {
    "@coreproject/console": {
      "version": "1.0.2",
      "resolved": "https://registry.npmjs.org/@coreproject/console/-/console-1.0.2.tgz",
      "integrity": "sha512-I0M2n9/7SLN1ibCLkM8WWV8WwK9cwO+ixeRO+FWFpDgoi1pcQ2BuR7WHoUUgTMiQ61IOaxp4KHXJ5Z620XYaug=="
    },
    "@coreproject/math": {
      "version": "1.0.1",
      "resolved": "https://registry.npmjs.org/@coreproject/math/-/math-1.0.1.tgz",
      "integrity": "sha512-HdHm0N/UCA/QGJ4ABmeHCQ9tzj23veT0322oNMbBaBud/6Oen8794ZovlUwyghT9l4jDodojUAZGwJqCF66s+A==",
      "requires": {
        "@coreproject/console": "^1.0.2"
      }
    }
  }
}
